
Microsoft Visual Studio Solution File, Format Version 12.00
# Visual Studio Version 17
VisualStudioVersion = 17.4.33103.184
MinimumVisualStudioVersion = 10.0.40219.1
Project("{FAE04EC0-301F-11D3-BF4B-00C04F79EFBC}") = "ejercicio4-1", "ejercicio4-1\ejercicio4-1.csproj", "{902FA0D3-D19C-4D44-95D0-317B1E245AE0}"
EndProject
Global
	GlobalSection(SolutionConfigurationPlatforms) = preSolution
		Debug|Any CPU = Debug|Any CPU
		Release|Any CPU = Release|Any CPU
	EndGlobalSection
	GlobalSection(ProjectConfigurationPlatforms) = postSolution
		{902FA0D3-D19C-4D44-95D0-317B1E245AE0}.Debug|Any CPU.ActiveCfg = Debug|Any CPU
		{902FA0D3-D19C-4D44-95D0-317B1E245AE0}.Debug|Any CPU.Build.0 = Debug|Any CPU
		{902FA0D3-D19C-4D44-95D0-317B1E245AE0}.Release|Any CPU.ActiveCfg = Release|Any CPU
		{902FA0D3-D19C-4D44-95D0-317B1E245AE0}.Release|Any CPU.Build.0 = Release|Any CPU
	EndGlobalSection
	GlobalSection(SolutionProperties) = preSolution
		HideSolutionNode = FALSE
	EndGlobalSection
	GlobalSection(ExtensibilityGlobals) = postSolution
		SolutionGuid = {0393B962-E3DC-469C-BFBA-FC7BB2F5638B}
	EndGlobalSection
EndGlobal
